# This file is automatically @generated by Cargo.
# It is not intended for manual editing.
[[package]]
name = "libc"
version = "0.2.71"
source = "registry+https://github.com/rust-lang/crates.io-index"
checksum = "9457b06509d27052635f90d6466700c65095fdf75409b3fbdd903e988b886f49"

[[package]]
name = "openldap"
version = "1.2.2"
source = "registry+https://github.com/rust-lang/crates.io-index"
checksum = "b27fbfa46dea843cd52917e82b93eae22ce4888aa52e0b66a94d73ab7a08a216"
dependencies = [
 "libc",
]

[[package]]
name = "openvpn-ldap"
version = "0.1.0"
dependencies = [
 "libc",
 "openldap",
 "openvpn-plugin",
 "secrecy",
]

[[package]]
name = "openvpn-plugin"
version = "0.3.0"
source = "registry+https://github.com/rust-lang/crates.io-index"
checksum = "f01f94fa077e8648fa20c654f6aef90e1a0feae5455a7b5d80c19eadeb97c7e8"

[[package]]
name = "secrecy"
version = "0.6.0"
source = "registry+https://github.com/rust-lang/crates.io-index"
checksum = "9182278ed645df3477a9c27bfee0621c621aa16f6972635f7f795dae3d81070f"
dependencies = [
 "zeroize",
]

[[package]]
name = "zeroize"
version = "1.1.0"
source = "registry+https://github.com/rust-lang/crates.io-index"
checksum = "3cbac2ed2ba24cc90f5e06485ac8c7c1e5449fe8911aef4d8877218af021a5b8"
